{
  "nodes": {
    "bizhawk-src": {
      "flake": false,
      "locked": {
        "lastModified": 1754070089,
        "narHash": "sha256-v9vSF+sNVlrB3tt1CM6ag1xzrG0RhP37JPapk0Q6RkU=",
        "owner": "TASEmulators",
        "repo": "BizHawk",
        "rev": "5a837366790baea5ed00d0ac601e3d77ea0ccdc3",
        "type": "github"
      },
      "original": {
        "owner": "TASEmulators",
        "ref": "master",
        "repo": "BizHawk",
        "type": "github"
      }
    },
    "doomrl-server": {
      "flake": false,
      "locked": {
        "lastModified": 1719721364,
        "narHash": "sha256-1u8DJq5l0SAFksBtaQmquCLqPhD0vam8leKlJDRIv1Q=",
        "path": "/home/bex/devel/doomrl-server",
        "type": "path"
      },
      "original": {
        "path": "/home/bex/devel/doomrl-server",
        "type": "path"
      }
    },
    "flake-utils": {
      "inputs": {
        "systems": "systems"
      },
      "locked": {
        "lastModified": 1731533236,
        "narHash": "sha256-l0KFg5HjrsfsO/JpG+r7fRrqm12kzFHyUHqHCVpMMbI=",
        "owner": "numtide",
        "repo": "flake-utils",
        "rev": "11707dc2f618dd54ca8739b309ec4fc024de578b",
        "type": "github"
      },
      "original": {
        "owner": "numtide",
        "repo": "flake-utils",
        "type": "github"
      }
    },
    "flakey-profile": {
      "locked": {
        "lastModified": 1712898590,
        "narHash": "sha256-FhGIEU93VHAChKEXx905TSiPZKga69bWl1VB37FK//I=",
        "owner": "lf-",
        "repo": "flakey-profile",
        "rev": "243c903fd8eadc0f63d205665a92d4df91d42d9d",
        "type": "github"
      },
      "original": {
        "owner": "lf-",
        "repo": "flakey-profile",
        "type": "github"
      }
    },
    "lix": {
      "flake": false,
      "locked": {
        "lastModified": 1751825501,
        "narHash": "sha256-6Jve3xCvRJGkz0A9D8dXH/DMWYE8MkFt+KJWQs9cLkw=",
        "rev": "378b360bf8e0d04e8dd3733acd20d7a9b70360f1",
        "type": "tarball",
        "url": "https://git.lix.systems/api/v1/repos/lix-project/lix/archive/378b360bf8e0d04e8dd3733acd20d7a9b70360f1.tar.gz?rev=378b360bf8e0d04e8dd3733acd20d7a9b70360f1"
      },
      "original": {
        "type": "tarball",
        "url": "https://git.lix.systems/lix-project/lix/archive/main.tar.gz"
      }
    },
    "lix-module": {
      "inputs": {
        "flake-utils": "flake-utils",
        "flakey-profile": "flakey-profile",
        "lix": "lix",
        "nixpkgs": [
          "nixos"
        ]
      },
      "locked": {
        "lastModified": 1751909859,
        "narHash": "sha256-gbpuESxl/An4GTh7QEbQRYJozVIxWkwVGbWK0/0GoRc=",
        "ref": "refs/heads/main",
        "rev": "4d4c2b8f0a801c91ce5b717c77fe3a17efa1402f",
        "revCount": 150,
        "type": "git",
        "url": "https://git.lix.systems/lix-project/nixos-module"
      },
      "original": {
        "type": "git",
        "url": "https://git.lix.systems/lix-project/nixos-module"
      }
    },
    "munin-contrib": {
      "flake": false,
      "locked": {
        "lastModified": 1752436246,
        "narHash": "sha256-bfrC8xZ1udlYzw2OrXTvdDaBwBXGxGA577m2tP+vGVc=",
        "owner": "munin-monitoring",
        "repo": "contrib",
        "rev": "cceb4a7db768bf0b95b808101172307015c339d8",
        "type": "github"
      },
      "original": {
        "owner": "munin-monitoring",
        "ref": "master",
        "repo": "contrib",
        "type": "github"
      }
    },
    "nixos": {
      "locked": {
        "lastModified": 1752308619,
        "narHash": "sha256-pzrVLKRQNPrii06Rm09Q0i0dq3wt2t2pciT/GNq5EZQ=",
        "owner": "NixOS",
        "repo": "nixpkgs",
        "rev": "650e572363c091045cdbc5b36b0f4c1f614d3058",
        "type": "github"
      },
      "original": {
        "owner": "NixOS",
        "ref": "nixos-25.05",
        "repo": "nixpkgs",
        "type": "github"
      }
    },
    "nixos-unstable": {
      "locked": {
        "lastModified": 1751984180,
        "narHash": "sha256-LwWRsENAZJKUdD3SpLluwDmdXY9F45ZEgCb0X+xgOL0=",
        "owner": "NixOS",
        "repo": "nixpkgs",
        "rev": "9807714d6944a957c2e036f84b0ff8caf9930bc0",
        "type": "github"
      },
      "original": {
        "owner": "NixOS",
        "ref": "nixos-unstable",
        "repo": "nixpkgs",
        "type": "github"
      }
    },
    "nixpkgs-factor-rewrap": {
      "locked": {
        "lastModified": 1709397197,
        "narHash": "sha256-Im0t/iKG5sIx24abrfm0JQogGlNBCdQ/Ppj7oaBSp2c=",
        "owner": "spacefrogg",
        "repo": "nixpkgs",
        "rev": "473372a02fea7d2723296be088c360dad35d8d78",
        "type": "github"
      },
      "original": {
        "owner": "spacefrogg",
        "ref": "factor-rewrap",
        "repo": "nixpkgs",
        "type": "github"
      }
    },
    "root": {
      "inputs": {
        "doomrl-server": "doomrl-server",
        "lix-module": "lix-module",
        "munin-contrib": "munin-contrib",
        "nixos": "nixos",
        "nixos-unstable": "nixos-unstable",
        "nixpkgs-factor-rewrap": "nixpkgs-factor-rewrap"
      }
    },
    "systems": {
      "locked": {
        "lastModified": 1681028828,
        "narHash": "sha256-Vy1rq5AaRuLzOxct8nz4T6wlgyUR7zLU309k9mBC768=",
        "owner": "nix-systems",
        "repo": "default",
        "rev": "da67096a3b9bf56a91d16901293e51ba5b49a27e",
        "type": "github"
      },
      "original": {
        "owner": "nix-systems",
        "repo": "default",
        "type": "github"
      }
    }
  },
  "root": "root",
  "version": 7
}
