{
  "nodes": {
    "crossfire-arch": {
      "flake": false,
      "locked": {
        "lastModified": 0,
        "narHash": "sha256-BPJw9mGv17D6ZVHTyW0SQyfx/Z7sN9U3g7Arxyps9jA=",
        "path": "/home/rebecca/devel/crossfire-arch",
        "type": "path"
      },
      "original": {
        "path": "/home/rebecca/devel/crossfire-arch",
        "type": "path"
      }
    },
    "crossfire-maps": {
      "flake": false,
      "locked": {
        "lastModified": 0,
        "narHash": "sha256-23i1EMYcy5CLPAazgqn0mFfgYd1BScRr+fIjbcvIZNE=",
        "path": "/home/rebecca/src/crossfire-maps",
        "type": "path"
      },
      "original": {
        "path": "/home/rebecca/src/crossfire-maps",
        "type": "path"
      }
    },
    "crossfire-server": {
      "flake": false,
      "locked": {
        "lastModified": 0,
        "narHash": "sha256-cr2njodUqr1Xcl2poEv9/4c3jRRYC5HRQLMuV3c54qc=",
        "path": "/home/rebecca/devel/crossfire-server",
        "type": "path"
      },
      "original": {
        "path": "/home/rebecca/devel/crossfire-server",
        "type": "path"
      }
    },
    "doomrl-server": {
      "flake": false,
      "locked": {
        "lastModified": 1675988578,
        "narHash": "sha256-2keqpwLsa4muLD9ah8c2SUd7rFrG5Pq6diADdpr70cs=",
        "path": "/home/rebecca/devel/doomrl-server",
        "type": "path"
      },
      "original": {
        "path": "/home/rebecca/devel/doomrl-server",
        "type": "path"
      }
    },
    "munin-contrib": {
      "flake": false,
      "locked": {
        "lastModified": 1696881282,
        "narHash": "sha256-Gak7PijGxVgJkt52YUHdTFTCw3GJ8Y/p6sOLx4dl5g4=",
        "owner": "munin-monitoring",
        "repo": "contrib",
        "rev": "4abd859e6b00e42255ed01e41e96245db0d63efa",
        "type": "github"
      },
      "original": {
        "owner": "munin-monitoring",
        "ref": "master",
        "repo": "contrib",
        "type": "github"
      }
    },
    "nixos": {
      "locked": {
        "lastModified": 1702346276,
        "narHash": "sha256-eAQgwIWApFQ40ipeOjVSoK4TEHVd6nbSd9fApiHIw5A=",
        "owner": "NixOS",
        "repo": "nixpkgs",
        "rev": "cf28ee258fd5f9a52de6b9865cdb93a1f96d09b7",
        "type": "github"
      },
      "original": {
        "owner": "NixOS",
        "ref": "nixos-23.11",
        "repo": "nixpkgs",
        "type": "github"
      }
    },
    "nixos-unstable": {
      "locked": {
        "lastModified": 1702312524,
        "narHash": "sha256-gkZJRDBUCpTPBvQk25G0B7vfbpEYM5s5OZqghkjZsnE=",
        "owner": "NixOS",
        "repo": "nixpkgs",
        "rev": "a9bf124c46ef298113270b1f84a164865987a91c",
        "type": "github"
      },
      "original": {
        "owner": "NixOS",
        "ref": "nixos-unstable",
        "repo": "nixpkgs",
        "type": "github"
      }
    },
    "nixpkgs-local": {
      "locked": {
        "lastModified": 1698238456,
        "narHash": "sha256-b7g///X9mYxLvM8KoqjPQY6HmtO+GsIq2a5qCsHETg8=",
        "type": "git",
        "url": "file:///home/rebecca/devel/nixpkgs"
      },
      "original": {
        "type": "git",
        "url": "file:///home/rebecca/devel/nixpkgs"
      }
    },
    "root": {
      "inputs": {
        "crossfire-arch": "crossfire-arch",
        "crossfire-maps": "crossfire-maps",
        "crossfire-server": "crossfire-server",
        "doomrl-server": "doomrl-server",
        "munin-contrib": "munin-contrib",
        "nixos": "nixos",
        "nixos-unstable": "nixos-unstable",
        "nixpkgs-local": "nixpkgs-local"
      }
    }
  },
  "root": "root",
  "version": 7
}
