{
  "nodes": {
    "crossfire-arch": {
      "flake": false,
      "locked": {
        "lastModified": 0,
        "narHash": "sha256-O32LjRho7g5IEtrBYnpBzMTNn7uxc/T8nB+NoXyV0RU=",
        "path": "/home/bex/devel/crossfire-arch",
        "type": "path"
      },
      "original": {
        "path": "/home/bex/devel/crossfire-arch",
        "type": "path"
      }
    },
    "crossfire-maps": {
      "flake": false,
      "locked": {
        "lastModified": 0,
        "narHash": "sha256-F38avqb9JJ3VxvdgcyoRG4mAjR8WkBM9srrvF9+Rv10=",
        "path": "/home/bex/src/crossfire-maps",
        "type": "path"
      },
      "original": {
        "path": "/home/bex/src/crossfire-maps",
        "type": "path"
      }
    },
    "crossfire-server": {
      "flake": false,
      "locked": {
        "lastModified": 0,
        "narHash": "sha256-Q07Cn82Qgy11EsMb59bibDLoxq8EL0qiX1qb7wK1E/M=",
        "path": "/home/bex/devel/crossfire-server",
        "type": "path"
      },
      "original": {
        "path": "/home/bex/devel/crossfire-server",
        "type": "path"
      }
    },
    "doomrl-server": {
      "flake": false,
      "locked": {
        "lastModified": 1675988578,
        "narHash": "sha256-2keqpwLsa4muLD9ah8c2SUd7rFrG5Pq6diADdpr70cs=",
        "path": "/home/bex/devel/doomrl-server",
        "type": "path"
      },
      "original": {
        "path": "/home/bex/devel/doomrl-server",
        "type": "path"
      }
    },
    "mstream": {
      "flake": false,
      "locked": {
        "lastModified": 1707284801,
        "narHash": "sha256-PwuPIgHFz89g5UioKD6YRjogUEki1FnkDvTwpaXn8GE=",
        "owner": "IrosTheBeggar",
        "repo": "mstream",
        "rev": "c686ace36c3fa8eba2f23ce3e58a299827f68b9b",
        "type": "github"
      },
      "original": {
        "owner": "IrosTheBeggar",
        "ref": "master",
        "repo": "mstream",
        "type": "github"
      }
    },
    "munin-contrib": {
      "flake": false,
      "locked": {
        "lastModified": 1707506465,
        "narHash": "sha256-TcKTad8ee9LmFc1mN+aRsWTcOaKG7B9gbl0I/gA4Nqc=",
        "owner": "munin-monitoring",
        "repo": "contrib",
        "rev": "40a5f3f8340ee25b7a6581ad0519d8806f323c3b",
        "type": "github"
      },
      "original": {
        "owner": "munin-monitoring",
        "ref": "master",
        "repo": "contrib",
        "type": "github"
      }
    },
    "nixos": {
      "locked": {
        "lastModified": 1707786466,
        "narHash": "sha256-yLPfrmW87M2qt+8bAmwopJawa+MJLh3M9rUbXtpUc1o=",
        "owner": "NixOS",
        "repo": "nixpkgs",
        "rev": "01885a071465e223f8f68971f864b15829988504",
        "type": "github"
      },
      "original": {
        "owner": "NixOS",
        "ref": "nixos-23.11",
        "repo": "nixpkgs",
        "type": "github"
      }
    },
    "nixos-unstable": {
      "locked": {
        "lastModified": 1707689078,
        "narHash": "sha256-UUGmRa84ZJHpGZ1WZEBEUOzaPOWG8LZ0yPg1pdDF/yM=",
        "owner": "NixOS",
        "repo": "nixpkgs",
        "rev": "f9d39fb9aff0efee4a3d5f4a6d7c17701d38a1d8",
        "type": "github"
      },
      "original": {
        "owner": "NixOS",
        "ref": "nixos-unstable",
        "repo": "nixpkgs",
        "type": "github"
      }
    },
    "nixpkgs-local": {
      "locked": {
        "lastModified": 1702692562,
        "narHash": "sha256-PPBqr7e7CFF5GMX5ho7GdrRyRTcL5vIK+RR181ku7WA=",
        "ref": "refs/heads/sigal-2.4",
        "rev": "b208d4a46ef2152d54a5fc9c49ef7ecb7b9bdb82",
        "revCount": 560130,
        "type": "git",
        "url": "file:///home/bex/devel/nixpkgs"
      },
      "original": {
        "type": "git",
        "url": "file:///home/bex/devel/nixpkgs"
      }
    },
    "root": {
      "inputs": {
        "crossfire-arch": "crossfire-arch",
        "crossfire-maps": "crossfire-maps",
        "crossfire-server": "crossfire-server",
        "doomrl-server": "doomrl-server",
        "mstream": "mstream",
        "munin-contrib": "munin-contrib",
        "nixos": "nixos",
        "nixos-unstable": "nixos-unstable",
        "nixpkgs-local": "nixpkgs-local"
      }
    }
  },
  "root": "root",
  "version": 7
}
